
Microsoft Visual Studio Solution File, Format Version 12.00
# Visual Studio 14
VisualStudioVersion = 14.0.23107.0
MinimumVisualStudioVersion = 10.0.40219.1
Project("{FAE04EC0-301F-11D3-BF4B-00C04F79EFBC}") = "ToDoApp", "ToDoApp\ToDoApp.csproj", "{58B9010A-11B0-465C-A464-2B3DDC89059D}"
EndProject
Project("{FAE04EC0-301F-11D3-BF4B-00C04F79EFBC}") = "UnitTest", "UnitTest\UnitTest.csproj", "{67F6A645-573C-47DC-AB49-C096AAB780AD}"
EndProject
Global
	GlobalSection(SolutionConfigurationPlatforms) = preSolution
		Debug|Any CPU = Debug|Any CPU
		Release|Any CPU = Release|Any CPU
	EndGlobalSection
	GlobalSection(ProjectConfigurationPlatforms) = postSolution
		{58B9010A-11B0-465C-A464-2B3DDC89059D}.Debug|Any CPU.ActiveCfg = Debug|Any CPU
		{58B9010A-11B0-465C-A464-2B3DDC89059D}.Debug|Any CPU.Build.0 = Debug|Any CPU
		{58B9010A-11B0-465C-A464-2B3DDC89059D}.Release|Any CPU.ActiveCfg = Release|Any CPU
		{58B9010A-11B0-465C-A464-2B3DDC89059D}.Release|Any CPU.Build.0 = Release|Any CPU
		{67F6A645-573C-47DC-AB49-C096AAB780AD}.Debug|Any CPU.ActiveCfg = Debug|Any CPU
		{67F6A645-573C-47DC-AB49-C096AAB780AD}.Debug|Any CPU.Build.0 = Debug|Any CPU
		{67F6A645-573C-47DC-AB49-C096AAB780AD}.Release|Any CPU.ActiveCfg = Release|Any CPU
		{67F6A645-573C-47DC-AB49-C096AAB780AD}.Release|Any CPU.Build.0 = Release|Any CPU
	EndGlobalSection
	GlobalSection(SolutionProperties) = preSolution
		HideSolutionNode = FALSE
	EndGlobalSection
EndGlobal
